{
  "version": "5",
  "remote": {
    "https://edge.netlify.com/": "fd941d61d88673d5f28aab283fb86fcc50f08a3bc80ee5470498fcfa88c65cfb",
    "https://edge.netlify.com/bootstrap/config.ts": "6a2ce0e544e15e8f8883a5c18da5948e37fd0f2619f68cb31f3af53c51817025",
    "https://edge.netlify.com/bootstrap/context.ts": "e97240232121e2f369f6546ce961490f34d961ea1ea54be3ff09633e3f08373f",
    "https://edge.netlify.com/bootstrap/cookie.ts": "8b0baae708989ca183c6f3b4ab3d029e6abcbc2e43f93edeb0ff447b3bbc3a05",
    "https://edge.netlify.com/bootstrap/edge_function.ts": "b8253e86aa83c67341f5cfedeba5049d77fbf84dcab7eceff7566b7728ae9b39",
    "https://edge.netlify.com/bootstrap/globals/types.ts": "eaa6148ded3121d8dee62dd91c86e7fe76601df0f3ca8d7962243a30f4c8935f"
  },
  "workspace": {
    "packageJson": {
      "dependencies": [
        "npm:@babel/core@^7.29.6",
        "npm:@babel/plugin-proposal-class-properties@^7.18.6",
        "npm:@babel/plugin-proposal-decorators@^7.24.1",
        "npm:@babel/plugin-proposal-export-default-from@^7.24.1",
        "npm:@babel/plugin-proposal-export-namespace-from@^7.18.9",
        "npm:@babel/plugin-proposal-object-rest-spread@^7.20.7",
        "npm:@babel/plugin-proposal-optional-chaining@^7.21.0",
        "npm:@babel/plugin-proposal-private-methods@^7.18.6",
        "npm:@babel/plugin-proposal-private-property-in-object@^7.21.11",
        "npm:@babel/plugin-syntax-dynamic-import@^7.8.3",
        "npm:@babel/preset-env@^7.24.7",
        "npm:@babel/preset-react@^7.24.7",
        "npm:@babel/preset-typescript@^7.24.1",
        "npm:@deriv-com/quill-ui-next@^2.4.5",
        "npm:@deriv-com/quill-ui@1.18.1",
        "npm:@deriv-com/smartcharts-champion@^1.3.14",
        "npm:@deriv-com/translations@^1.3.9",
        "npm:@deriv-com/ui@^1.37.1",
        "npm:@deriv-com/utils@latest",
        "npm:@deriv/api-types@^1.0.2463",
        "npm:@deriv/deriv-api@^1.0.15",
        "npm:@deriv/js-interpreter@3",
        "npm:@deriv/quill-icons@2.4.16",
        "npm:@jest/globals@^29.7.0",
        "npm:@rsbuild/core@^1.0.1-beta.1",
        "npm:@rsbuild/plugin-react@^1.0.1-beta.1",
        "npm:@rsbuild/plugin-sass@^1.0.1-beta.1",
        "npm:@svgr/core@^8.1.0",
        "npm:@tanstack/react-query@^5.29.2",
        "npm:@testing-library/dom@^10.3.1",
        "npm:@testing-library/jest-dom@^6.4.6",
        "npm:@testing-library/react@16",
        "npm:@testing-library/user-event@^14.5.2",
        "npm:@types/jest@^29.5.12",
        "npm:@types/js-cookie@^3.0.6",
        "npm:@types/react-dom@^18.3.0",
        "npm:@types/react-router-dom@^5.3.3",
        "npm:@types/react-transition-group@^4.4.10",
        "npm:@types/react-virtualized@^9.21.30",
        "npm:@types/react@^18.3.3",
        "npm:@types/uuid@10",
        "npm:@typescript-eslint/eslint-plugin@^6.21.0",
        "npm:@typescript-eslint/parser@6",
        "npm:babel-core@^7.0.0-bridge.0",
        "npm:babel-jest@^29.7.0",
        "npm:babel-plugin-syntax-dynamic-import@^6.18.0",
        "npm:blockly@^10.4.3",
        "npm:canvas-toBlob@1",
        "npm:classnames@^2.5.1",
        "npm:clsx@^2.1.0",
        "npm:crc-32@^1.2.2",
        "npm:css-loader@^7.1.2",
        "npm:debounce@^2.1.0",
        "npm:dompurify@^3.2.6",
        "npm:dotenv@^16.4.5",
        "npm:file-saver@^2.0.5",
        "npm:formik@^2.4.6",
        "npm:framer-motion@^6.5.1",
        "npm:history@^5.3.0",
        "npm:html-react-parser@^5.1.18",
        "npm:i18next@^26.3.1",
        "npm:identity-obj-proxy@3",
        "npm:jest-environment-jsdom@^29.7.0",
        "npm:jest-transform-stub@2",
        "npm:jest@^29.7.0",
        "npm:js-cookie@^3.0.5",
        "npm:localforage@^1.10.0",
        "npm:lz-string@^1.5.0",
        "npm:mobx-react-lite@^4.0.7",
        "npm:mobx@^6.12.3",
        "npm:moment@^2.30.1",
        "npm:pako@^2.1.0",
        "npm:postcss@^8.4.38",
        "npm:raw-loader@^4.0.2",
        "npm:react-content-loader@7",
        "npm:react-div-100vh@~0.3.8",
        "npm:react-dom@^18.2.0",
        "npm:react-i18next@^17.0.8",
        "npm:react-joyride@^2.8.2",
        "npm:react-loadable@^5.5.0",
        "npm:react-router-dom@^6.25.1",
        "npm:react-tiny-popover@^8.0.4",
        "npm:react-toastify@^9.1.3",
        "npm:react-transition-group@^4.4.5",
        "npm:react-virtualized@^9.22.5",
        "npm:react@^18.2.0",
        "npm:redux-thunk@^3.1.0",
        "npm:redux@^5.0.1",
        "npm:rimraf@^6.0.1",
        "npm:sass-loader@^14.2.1",
        "npm:sass@^1.80.4",
        "npm:stylelint-config-standard-scss@^13.1.0",
        "npm:stylelint@^16.3.1",
        "npm:ts-jest@^29.1.2",
        "npm:ts-node@^10.9.2",
        "npm:typescript@^5.5.3",
        "npm:ua-parser-js@^1.0.38",
        "npm:usehooks-ts@^3.1.0",
        "npm:uuid@^11.1.1",
        "npm:yup@^1.4.0"
      ]
    }
  }
}
